github.com/tomleb/frameworks-automation-norman v0.7.7 h1:BDH4njxMHhnBtpuPCYnZhpjEJmJnJ0MK0ficKtPRRjc=
github.com/tomleb/frameworks-automation-norman v0.7.7/go.mod h1:ndrTEXB2qbcMXUpRVrg9P89ofAilENK8cojO3FkSQg8=
github.com/tomleb/frameworks-automation-wrangler v0.5.11 h1:+ObljrKd3prE3twAU4zENwf41EZsqBeMsUzveRK6rqk=
github.com/tomleb/frameworks-automation-wrangler v0.5.11/go.mod h1:8mMgUgV9vfb1nkSN7LC9Y1V7azkyLYvH46eSSdK3LaU=
