github.com/tomleb/frameworks-automation-norman v0.7.8 h1:9eEQYwYyvEmIjYKmNrPLvkjHk6SgypnetCK/jmePP2A=
github.com/tomleb/frameworks-automation-norman v0.7.8/go.mod h1:ztkAoTFR3hinup51qsSEb+TARbySmlLTrIEo+BQreuY=
github.com/tomleb/frameworks-automation-wrangler v0.5.12 h1:2OKLU1S52DO2S6Lxla/Lxg2Fr97+wPycl0dTahXEJB0=
github.com/tomleb/frameworks-automation-wrangler v0.5.12/go.mod h1:8mMgUgV9vfb1nkSN7LC9Y1V7azkyLYvH46eSSdK3LaU=
