github.com/tomleb/frameworks-automation-norman v0.8.0 h1:75jlxub2oTIeawQMTGXbohcO+A9rnr68eo0U/TPVm2g=
github.com/tomleb/frameworks-automation-norman v0.8.0/go.mod h1:J7cdRKjAXaIJiOtE1PTthqnmbvrTbDotQjBmMq96w+k=
github.com/tomleb/frameworks-automation-wrangler v0.5.0 h1:O6+UIdwWaHj/zYW0cUjI2j7U4GzUOkMoWZ669p3WBJc=
github.com/tomleb/frameworks-automation-wrangler v0.5.0/go.mod h1:8mMgUgV9vfb1nkSN7LC9Y1V7azkyLYvH46eSSdK3LaU=
